// !$*UTF8*$!
{
	archiveVersion = 1;
	classes = {
	};
	objectVersion = 55;
	objects = {

/* Begin PBXBuildFile section */
		FA3C1F0A2A5C1D7100B701A8 /* MVVMSwiftApp.swift in Sources */ = {isa = PBXBuildFile; fileRef = FA3C1F092A5C1D7100B701A8 /* MVVMSwiftApp.swift */; };
		FA3C1F0C2A5C1D7100B701A8 /* ContentView.swift in Sources */ = {isa = PBXBuildFile; fileRef = FA3C1F0B2A5C1D7100B701A8 /* ContentView.swift */; };
		FA3C1F0E2A5C1D7300B701A8 /* Assets.xcassets in Resources */ = {isa = PBXBuildFile; fileRef = FA3C1F0D2A5C1D7300B701A8 /* Assets.xcassets */; };
		FA3C1F112A5C1D7300B701A8 /* Preview Assets.xcassets in Resources */ = {isa = PBXBuildFile; fileRef = FA3C1F102A5C1D7300B701A8 /* Preview Assets.xcassets */; };
		FA3C1F1B2A5C1D7300B701A8 /* MVVMSwiftTests.swift in Sources */ = {isa = PBXBuildFile; fileRef = FA3C1F1A2A5C1D7300B701A8 /* MVVMSwiftTests.swift */; };
		FA3C1F252A5C1D7300B701A8 /* MVVMSwiftUITests.swift in Sources */ = {isa = PBXBuildFile; fileRef = FA3C1F242A5C1D7300B701A8 /* MVVMSwiftUITests.swift */; };
		FA3C1F272A5C1D7300B701A8 /* MVVMSwiftUITestsLaunchTests.swift in Sources */ = {isa = PBXBuildFile; fileRef = FA3C1F262A5C1D7300B701A8 /* MVVMSwiftUITestsLaunchTests.swift */; };
/* End PBXBuildFile section */

/* Begin PBXContainerItemProxy section */
		FA3C1F172A5C1D7300B701A8 /* PBXContainerItemProxy */ = {
			isa = PBXContainerItemProxy;
			containerPortal = FA3C1EFE2A5C1D7100B701A8 /* Project object */;
			proxyType = 1;
			remoteGlobalIDString = FA3C1F052A5C1D7100B701A8;
			remoteInfo = MVVMSwift;
		};
		FA3C1F212A5C1D7300B701A8 /* PBXContainerItemProxy */ = {
			isa = PBXContainerItemProxy;
			containerPortal = FA3C1EFE2A5C1D7100B701A8 /* Project object */;
			proxyType = 1;
			remoteGlobalIDString = FA3C1F052A5C1D7100B701A8;
			remoteInfo = MVVMSwift;
		};
/* End PBXContainerItemProxy section */

/* Begin PBXFileReference section */
		FA3C1F062A5C1D7100B701A8 /* MVVMSwift.app */ = {isa = PBXFileReference; explicitFileType = wrapper.application; includeInIndex = 0; path = MVVMSwift.app; sourceTree = BUILT_PRODUCTS_DIR; };
		FA3C1F092A5C1D7100B701A8 /* MVVMSwiftApp.swift */ = {isa = PBXFileReference; lastKnownFileType = sourcecode.swift; path = MVVMSwiftApp.swift; sourceTree = "<group>"; };
		FA3C1F0B2A5C1D7100B701A8 /* ContentView.swift */ = {isa = PBXFileReference; lastKnownFileType = sourcecode.swift; path = ContentView.swift; sourceTree = "<group>"; };
		FA3C1F0D2A5C1D7300B701A8 /* Assets.xcassets */ = {isa = PBXFileReference; lastKnownFileType = folder.assetcatalog; path = Assets.xcassets; sourceTree = "<group>"; };
		FA3C1F102A5C1D7300B701A8 /* Preview Assets.xcassets */ = {isa = PBXFileReference; lastKnownFileType = folder.assetcatalog; path = "Preview Assets.xcassets"; sourceTree = "<group>"; };
		FA3C1F162A5C1D7300B701A8 /* MVVMSwiftTests.xctest */ = {isa = PBXFileReference; explicitFileType = wrapper.cfbundle; includeInIndex = 0; path = MVVMSwiftTests.xctest; sourceTree = BUILT_PRODUCTS_DIR; };
		FA3C1F1A2A5C1D7300B701A8 /* MVVMSwiftTests.swift */ = {isa = PBXFileReference; lastKnownFileType = sourcecode.swift; path = MVVMSwiftTests.swift; sourceTree = "<group>"; };
		FA3C1F202A5C1D7300B701A8 /* MVVMSwiftUITests.xctest */ = {isa = PBXFileReference; explicitFileType = wrapper.cfbundle; includeInIndex = 0; path = MVVMSwiftUITests.xctest; sourceTree = BUILT_PRODUCTS_DIR; };
		FA3C1F242A5C1D7300B701A8 /* MVVMSwiftUITests.swift */ = {isa = PBXFileReference; lastKnownFileType = sourcecode.swift; path = MVVMSwiftUITests.swift; sourceTree = "<group>"; };
		FA3C1F262A5C1D7300B701A8 /* MVVMSwiftUITestsLaunchTests.swift */ = {isa = PBXFileReference; lastKnownFileType = sourcecode.swift; path = MVVMSwiftUITestsLaunchTests.swift; sourceTree = "<group>"; };
/* End PBXFileReference section */

/* Begin PBXFrameworksBuildPhase section */
		FA3C1F032A5C1D7100B701A8 /* Frameworks */ = {
			isa = PBXFrameworksBuildPhase;
			buildActionMask = 2147483647;
			files = (
			);
			runOnlyForDeploymentPostprocessing = 0;
		};
		FA3C1F132A5C1D7300B701A8 /* Frameworks */ = {
			isa = PBXFrameworksBuildPhase;
			buildActionMask = 2147483647;
			files = (
			);
			runOnlyForDeploymentPostprocessing = 0;
		};
		FA3C1F1D2A5C1D7300B701A8 /* Frameworks */ = {
			isa = PBXFrameworksBuildPhase;
			buildActionMask = 2147483647;
			files = (
			);
			runOnlyForDeploymentPostprocessing = 0;
		};
/* End PBXFrameworksBuildPhase section */

/* Begin PBXGroup section */
		FA3C1EFD2A5C1D7100B701A8 = {
			isa = PBXGroup;
			children = (
				FA3C1F082A5C1D7100B701A8 /* MVVMSwift */,
				FA3C1F192A5C1D7300B701A8 /* MVVMSwiftTests */,
				FA3C1F232A5C1D7300B701A8 /* MVVMSwiftUITests */,
				FA3C1F072A5C1D7100B701A8 /* Products */,
			);
			sourceTree = "<group>";
		};
		FA3C1F072A5C1D7100B701A8 /* Products */ = {
			isa = PBXGroup;
			children = (
				FA3C1F062A5C1D7100B701A8 /* MVVMSwift.app */,
				FA3C1F162A5C1D7300B701A8 /* MVVMSwiftTests.xctest */,
				FA3C1F202A5C1D7300B701A8 /* MVVMSwiftUITests.xctest */,
			);
			name = Products;
			sourceTree = "<group>";
		};
		FA3C1F082A5C1D7100B701A8 /* MVVMSwift */ = {
			isa = PBXGroup;
			children = (
				FA3C1F092A5C1D7100B701A8 /* MVVMSwiftApp.swift */,
				FA3C1F0B2A5C1D7100B701A8 /* ContentView.swift */,
				FA3C1F0D2A5C1D7300B701A8 /* Assets.xcassets */,
				FA3C1F0F2A5C1D7300B701A8 /* Preview Content */,
			);
			path = MVVMSwift;
			sourceTree = "<group>";
		};
		FA3C1F0F2A5C1D7300B701A8 /* Preview Content */ = {
			isa = PBXGroup;
			children = (
				FA3C1F102A5C1D7300B701A8 /* Preview Assets.xcassets */,
			);
			path = "Preview Content";
			sourceTree = "<group>";
		};
		FA3C1F192A5C1D7300B701A8 /* MVVMSwiftTests */ = {
			isa = PBXGroup;
			children = (
				FA3C1F1A2A5C1D7300B701A8 /* MVVMSwiftTests.swift */,
			);
			path = MVVMSwiftTests;
			sourceTree = "<group>";
		};
		FA3C1F232A5C1D7300B701A8 /* MVVMSwiftUITests */ = {
			isa = PBXGroup;
			children = (
				FA3C1F242A5C1D7300B701A8 /* MVVMSwiftUITests.swift */,
				FA3C1F262A5C1D7300B701A8 /* MVVMSwiftUITestsLaunchTests.swift */,
			);
			path = MVVMSwiftUITests;
			sourceTree = "<group>";
		};
/* End PBXGroup section */

/* Begin PBXNativeTarget section */
		FA3C1F052A5C1D7100B701A8 /* MVVMSwift */ = {
			isa = PBXNativeTarget;
			buildConfigurationList = FA3C1F2A2A5C1D7300B701A8 /* Build configuration list for PBXNativeTarget "MVVMSwift" */;
			buildPhases = (
				FA3C1F022A5C1D7100B701A8 /* Sources */,
				FA3C1F032A5C1D7100B701A8 /* Frameworks */,
				FA3C1F042A5C1D7100B701A8 /* Resources */,
			);
			buildRules = (
			);
			dependencies = (
			);
			name = MVVMSwift;
			productName = MVVMSwift;
			productReference = FA3C1F062A5C1D7100B701A8 /* MVVMSwift.app */;
			productType = "com.apple.product-type.application";
		};
		FA3C1F152A5C1D7300B701A8 /* MVVMSwiftTests */ = {
			isa = PBXNativeTarget;
			buildConfigurationList = FA3C1F2D2A5C1D7300B701A8 /* Build configuration list for PBXNativeTarget "MVVMSwiftTests" */;
			buildPhases = (
				FA3C1F122A5C1D7300B701A8 /* Sources */,
				FA3C1F132A5C1D7300B701A8 /* Frameworks */,
				FA3C1F142A5C1D7300B701A8 /* Resources */,
			);
			buildRules = (
			);
			dependencies = (
				FA3C1F182A5C1D7300B701A8 /* PBXTargetDependency */,
			);
			name = MVVMSwiftTests;
			productName = MVVMSwiftTests;
			productReference = FA3C1F162A5C1D7300B701A8 /* MVVMSwiftTests.xctest */;
			productType = "com.apple.product-type.bundle.unit-test";
		};
		FA3C1F1F2A5C1D7300B701A8 /* MVVMSwiftUITests */ = {
			isa = PBXNativeTarget;
			buildConfigurationList = FA3C1F302A5C1D7300B701A8 /* Build configuration list for PBXNativeTarget "MVVMSwiftUITests" */;
			buildPhases = (
				FA3C1F1C2A5C1D7300B701A8 /* Sources */,
				FA3C1F1D2A5C1D7300B701A8 /* Frameworks */,
				FA3C1F1E2A5C1D7300B701A8 /* Resources */,
			);
			buildRules = (
			);
			dependencies = (
				FA3C1F222A5C1D7300B701A8 /* PBXTargetDependency */,
			);
			name = MVVMSwiftUITests;
			productName = MVVMSwiftUITests;
			productReference = FA3C1F202A5C1D7300B701A8 /* MVVMSwiftUITests.xctest */;
			productType = "com.apple.product-type.bundle.ui-testing";
		};
/* End PBXNativeTarget section */

/* Begin PBXProject section */
		FA3C1EFE2A5C1D7100B701A8 /* Project object */ = {
			isa = PBXProject;
			attributes = {
				BuildIndependentTargetsInParallel = 1;
				LastSwiftUpdateCheck = 1340;
				LastUpgradeCheck = 1340;
				TargetAttributes = {
					FA3C1F052A5C1D7100B701A8 = {
						CreatedOnToolsVersion = 13.4.1;
					};
					FA3C1F152A5C1D7300B701A8 = {
						CreatedOnToolsVersion = 13.4.1;
						TestTargetID = FA3C1F052A5C1D7100B701A8;
					};
					FA3C1F1F2A5C1D7300B701A8 = {
						CreatedOnToolsVersion = 13.4.1;
						TestTargetID = FA3C1F052A5C1D7100B701A8;
					};
				};
			};
			buildConfigurationList = FA3C1F012A5C1D7100B701A8 /* Build configuration list for PBXProject "MVVMSwift" */;
			compatibilityVersion = "Xcode 13.0";
			developmentRegion = en;
			hasScannedForEncodings = 0;
			knownRegions = (
				en,
				Base,
			);
			mainGroup = FA3C1EFD2A5C1D7100B701A8;
			productRefGroup = FA3C1F072A5C1D7100B701A8 /* Products */;
			projectDirPath = "";
			projectRoot = "";
			targets = (
				FA3C1F052A5C1D7100B701A8 /* MVVMSwift */,
				FA3C1F152A5C1D7300B701A8 /* MVVMSwiftTests */,
				FA3C1F1F2A5C1D7300B701A8 /* MVVMSwiftUITests */,
			);
		};
/* End PBXProject section */

/* Begin PBXResourcesBuildPhase section */
		FA3C1F042A5C1D7100B701A8 /* Resources */ = {
			isa = PBXResourcesBuildPhase;
			buildActionMask = 2147483647;
			files = (
				FA3C1F112A5C1D7300B701A8 /* Preview Assets.xcassets in Resources */,
				FA3C1F0E2A5C1D7300B701A8 /* Assets.xcassets in Resources */,
			);
			runOnlyForDeploymentPostprocessing = 0;
		};
		FA3C1F142A5C1D7300B701A8 /* Resources */ = {
			isa = PBXResourcesBuildPhase;
			buildActionMask = 2147483647;
			files = (
			);
			runOnlyForDeploymentPostprocessing = 0;
		};
		FA3C1F1E2A5C1D7300B701A8 /* Resources */ = {
			isa = PBXResourcesBuildPhase;
			buildActionMask = 2147483647;
			files = (
			);
			runOnlyForDeploymentPostprocessing = 0;
		};
/* End PBXResourcesBuildPhase section */

/* Begin PBXSourcesBuildPhase section */
		FA3C1F022A5C1D7100B701A8 /* Sources */ = {
			isa = PBXSourcesBuildPhase;
			buildActionMask = 2147483647;
			files = (
				FA3C1F0C2A5C1D7100B701A8 /* ContentView.swift in Sources */,
				FA3C1F0A2A5C1D7100B701A8 /* MVVMSwiftApp.swift in Sources */,
			);
			runOnlyForDeploymentPostprocessing = 0;
		};
		FA3C1F122A5C1D7300B701A8 /* Sources */ = {
			isa = PBXSourcesBuildPhase;
			buildActionMask = 2147483647;
			files = (
				FA3C1F1B2A5C1D7300B701A8 /* MVVMSwiftTests.swift in Sources */,
			);
			runOnlyForDeploymentPostprocessing = 0;
		};
		FA3C1F1C2A5C1D7300B701A8 /* Sources */ = {
			isa = PBXSourcesBuildPhase;
			buildActionMask = 2147483647;
			files = (
				FA3C1F272A5C1D7300B701A8 /* MVVMSwiftUITestsLaunchTests.swift in Sources */,
				FA3C1F252A5C1D7300B701A8 /* MVVMSwiftUITests.swift in Sources */,
			);
			runOnlyForDeploymentPostprocessing = 0;
		};
/* End PBXSourcesBuildPhase section */

/* Begin PBXTargetDependency section */
		FA3C1F182A5C1D7300B701A8 /* PBXTargetDependency */ = {
			isa = PBXTargetDependency;
			target = FA3C1F052A5C1D7100B701A8 /* MVVMSwift */;
			targetProxy = FA3C1F172A5C1D7300B701A8 /* PBXContainerItemProxy */;
		};
		FA3C1F222A5C1D7300B701A8 /* PBXTargetDependency */ = {
			isa = PBXTargetDependency;
			target = FA3C1F052A5C1D7100B701A8 /* MVVMSwift */;
			targetProxy = FA3C1F212A5C1D7300B701A8 /* PBXContainerItemProxy */;
		};
/* End PBXTargetDependency section */

/* Begin XCBuildConfiguration section */
		FA3C1F282A5C1D7300B701A8 /* Debug */ = {
			isa = XCBuildConfiguration;
			buildSettings = {
				ALWAYS_SEARCH_USER_PATHS = NO;
				CLANG_ANALYZER_NONNULL = YES;
				CLANG_ANALYZER_NUMBER_OBJECT_CONVERSION = YES_AGGRESSIVE;
				CLANG_CXX_LANGUAGE_STANDARD = "gnu++17";
				CLANG_ENABLE_MODULES = YES;
				CLANG_ENABLE_OBJC_ARC = YES;
				CLANG_ENABLE_OBJC_WEAK = YES;
				CLANG_WARN_BLOCK_CAPTURE_AUTORELEASING = YES;
				CLANG_WARN_BOOL_CONVERSION = YES;
				CLANG_WARN_COMMA = YES;
				CLANG_WARN_CONSTANT_CONVERSION = YES;
				CLANG_WARN_DEPRECATED_OBJC_IMPLEMENTATIONS = YES;
				CLANG_WARN_DIRECT_OBJC_ISA_USAGE = YES_ERROR;
				CLANG_WARN_DOCUMENTATION_COMMENTS = YES;
				CLANG_WARN_EMPTY_BODY = YES;
				CLANG_WARN_ENUM_CONVERSION = YES;
				CLANG_WARN_INFINITE_RECURSION = YES;
				CLANG_WARN_INT_CONVERSION = YES;
				CLANG_WARN_NON_LITERAL_NULL_CONVERSION = YES;
				CLANG_WARN_OBJC_IMPLICIT_RETAIN_SELF = YES;
				CLANG_WARN_OBJC_LITERAL_CONVERSION = YES;
				CLANG_WARN_OBJC_ROOT_CLASS = YES_ERROR;
				CLANG_WARN_QUOTED_INCLUDE_IN_FRAMEWORK_HEADER = YES;
				CLANG_WARN_RANGE_LOOP_ANALYSIS = YES;
				CLANG_WARN_STRICT_PROTOTYPES = YES;
				CLANG_WARN_SUSPICIOUS_MOVE = YES;
				CLANG_WARN_UNGUARDED_AVAILABILITY = YES_AGGRESSIVE;
				CLANG_WARN_UNREACHABLE_CODE = YES;
				CLANG_WARN__DUPLICATE_METHOD_MATCH = YES;
				COPY_PHASE_STRIP = NO;
				DEBUG_INFORMATION_FORMAT = dwarf;
				ENABLE_STRICT_OBJC_MSGSEND = YES;
				ENABLE_TESTABILITY = YES;
				GCC_C_LANGUAGE_STANDARD = gnu11;
				GCC_DYNAMIC_NO_PIC = NO;
				GCC_NO_COMMON_BLOCKS = YES;
				GCC_OPTIMIZATION_LEVEL = 0;
				GCC_PREPROCESSOR_DEFINITIONS = (
					"DEBUG=1",
					"$(inherited)",
				);
				GCC_WARN_64_TO_32_BIT_CONVERSION = YES;
				GCC_WARN_ABOUT_RETURN_TYPE = YES_ERROR;
				GCC_WARN_UNDECLARED_SELECTOR = YES;
				GCC_WARN_UNINITIALIZED_AUTOS = YES_AGGRESSIVE;
				GCC_WARN_UNUSED_FUNCTION = YES;
				GCC_WARN_UNUSED_VARIABLE = YES;
				IPHONEOS_DEPLOYMENT_TARGET = 15.5;
				MTL_ENABLE_DEBUG_INFO = INCLUDE_SOURCE;
				MTL_FAST_MATH = YES;
				ONLY_ACTIVE_ARCH = YES;
				SDKROOT = iphoneos;
				SWIFT_ACTIVE_COMPILATION_CONDITIONS = DEBUG;
				SWIFT_OPTIMIZATION_LEVEL = "-Onone";
			};
			name = Debug;
		};
		FA3C1F292A5C1D7300B701A8 /* Release */ = {
			isa = XCBuildConfiguration;
			buildSettings = {
				ALWAYS_SEARCH_USER_PATHS = NO;
				CLANG_ANALYZER_NONNULL = YES;
				CLANG_ANALYZER_NUMBER_OBJECT_CONVERSION = YES_AGGRESSIVE;
				CLANG_CXX_LANGUAGE_STANDARD = "gnu++17";
				CLANG_ENABLE_MODULES = YES;
				CLANG_ENABLE_OBJC_ARC = YES;
				CLANG_ENABLE_OBJC_WEAK = YES;
				CLANG_WARN_BLOCK_CAPTURE_AUTORELEASING = YES;
				CLANG_WARN_BOOL_CONVERSION = YES;
				CLANG_WARN_COMMA = YES;
				CLANG_WARN_CONSTANT_CONVERSION = YES;
				CLANG_WARN_DEPRECATED_OBJC_IMPLEMENTATIONS = YES;
				CLANG_WARN_DIRECT_OBJC_ISA_USAGE = YES_ERROR;
				CLANG_WARN_DOCUMENTATION_COMMENTS = YES;
				CLANG_WARN_EMPTY_BODY = YES;
				CLANG_WARN_ENUM_CONVERSION = YES;
				CLANG_WARN_INFINITE_RECURSION = YES;
				CLANG_WARN_INT_CONVERSION = YES;
				CLANG_WARN_NON_LITERAL_NULL_CONVERSION = YES;
				CLANG_WARN_OBJC_IMPLICIT_RETAIN_SELF = YES;
				CLANG_WARN_OBJC_LITERAL_CONVERSION = YES;
				CLANG_WARN_OBJC_ROOT_CLASS = YES_ERROR;
				CLANG_WARN_QUOTED_INCLUDE_IN_FRAMEWORK_HEADER = YES;
				CLANG_WARN_RANGE_LOOP_ANALYSIS = YES;
				CLANG_WARN_STRICT_PROTOTYPES = YES;
				CLANG_WARN_SUSPICIOUS_MOVE = YES;
				CLANG_WARN_UNGUARDED_AVAILABILITY = YES_AGGRESSIVE;
				CLANG_WARN_UNREACHABLE_CODE = YES;
				CLANG_WARN__DUPLICATE_METHOD_MATCH = YES;
				COPY_PHASE_STRIP = NO;
				DEBUG_INFORMATION_FORMAT = "dwarf-with-dsym";
				ENABLE_NS_ASSERTIONS = NO;
				ENABLE_STRICT_OBJC_MSGSEND = YES;
				GCC_C_LANGUAGE_STANDARD = gnu11;
				GCC_NO_COMMON_BLOCKS = YES;
				GCC_WARN_64_TO_32_BIT_CONVERSION = YES;
				GCC_WARN_ABOUT_RETURN_TYPE = YES_ERROR;
				GCC_WARN_UNDECLARED_SELECTOR = YES;
				GCC_WARN_UNINITIALIZED_AUTOS = YES_AGGRESSIVE;
				GCC_WARN_UNUSED_FUNCTION = YES;
				GCC_WARN_UNUSED_VARIABLE = YES;
				IPHONEOS_DEPLOYMENT_TARGET = 15.5;
				MTL_ENABLE_DEBUG_INFO = NO;
				MTL_FAST_MATH = YES;
				SDKROOT = iphoneos;
				SWIFT_COMPILATION_MODE = wholemodule;
				SWIFT_OPTIMIZATION_LEVEL = "-O";
				VALIDATE_PRODUCT = YES;
			};
			name = Release;
		};
		FA3C1F2B2A5C1D7300B701A8 /* Debug */ = {
			isa = XCBuildConfiguration;
			buildSettings = {
				ASSETCATALOG_COMPILER_APPICON_NAME = AppIcon;
				ASSETCATALOG_COMPILER_GLOBAL_ACCENT_COLOR_NAME = AccentColor;
				CODE_SIGN_STYLE = Automatic;
				CURRENT_PROJECT_VERSION = 1;
				DEVELOPMENT_ASSET_PATHS = "\"MVVMSwift/Preview Content\"";
				DEVELOPMENT_TEAM = N52968BXGP;
				ENABLE_PREVIEWS = YES;
				GENERATE_INFOPLIST_FILE = YES;
				INFOPLIST_KEY_UIApplicationSceneManifest_Generation = YES;
				INFOPLIST_KEY_UIApplicationSupportsIndirectInputEvents = YES;
				INFOPLIST_KEY_UILaunchScreen_Generation = YES;
				INFOPLIST_KEY_UISupportedInterfaceOrientations_iPad = "UIInterfaceOrientationPortrait UIInterfaceOrientationPortraitUpsideDown UIInterfaceOrientationLandscapeLeft UIInterfaceOrientationLandscapeRight";
				INFOPLIST_KEY_UISupportedInterfaceOrientations_iPhone = "UIInterfaceOrientationPortrait UIInterfaceOrientationLandscapeLeft UIInterfaceOrientationLandscapeRight";
				LD_RUNPATH_SEARCH_PATHS = (
					"$(inherited)",
					"@executable_path/Frameworks",
				);
				MARKETING_VERSION = 1.0;
				PRODUCT_BUNDLE_IDENTIFIER = com.muhtar.ireceipt.MVVMSwift;
				PRODUCT_NAME = "$(TARGET_NAME)";
				SWIFT_EMIT_LOC_STRINGS = YES;
				SWIFT_VERSION = 5.0;
				TARGETED_DEVICE_FAMILY = "1,2";
			};
			name = Debug;
		};
		FA3C1F2C2A5C1D7300B701A8 /* Release */ = {
			isa = XCBuildConfiguration;
			buildSettings = {
				ASSETCATALOG_COMPILER_APPICON_NAME = AppIcon;
				ASSETCATALOG_COMPILER_GLOBAL_ACCENT_COLOR_NAME = AccentColor;
				CODE_SIGN_STYLE = Automatic;
				CURRENT_PROJECT_VERSION = 1;
				DEVELOPMENT_ASSET_PATHS = "\"MVVMSwift/Preview Content\"";
				DEVELOPMENT_TEAM = N52968BXGP;
				ENABLE_PREVIEWS = YES;
				GENERATE_INFOPLIST_FILE = YES;
				INFOPLIST_KEY_UIApplicationSceneManifest_Generation = YES;
				INFOPLIST_KEY_UIApplicationSupportsIndirectInputEvents = YES;
				INFOPLIST_KEY_UILaunchScreen_Generation = YES;
				INFOPLIST_KEY_UISupportedInterfaceOrientations_iPad = "UIInterfaceOrientationPortrait UIInterfaceOrientationPortraitUpsideDown UIInterfaceOrientationLandscapeLeft UIInterfaceOrientationLandscapeRight";
				INFOPLIST_KEY_UISupportedInterfaceOrientations_iPhone = "UIInterfaceOrientationPortrait UIInterfaceOrientationLandscapeLeft UIInterfaceOrientationLandscapeRight";
				LD_RUNPATH_SEARCH_PATHS = (
					"$(inherited)",
					"@executable_path/Frameworks",
				);
				MARKETING_VERSION = 1.0;
				PRODUCT_BUNDLE_IDENTIFIER = com.muhtar.ireceipt.MVVMSwift;
				PRODUCT_NAME = "$(TARGET_NAME)";
				SWIFT_EMIT_LOC_STRINGS = YES;
				SWIFT_VERSION = 5.0;
				TARGETED_DEVICE_FAMILY = "1,2";
			};
			name = Release;
		};
		FA3C1F2E2A5C1D7300B701A8 /* Debug */ = {
			isa = XCBuildConfiguration;
			buildSettings = {
				ALWAYS_EMBED_SWIFT_STANDARD_LIBRARIES = YES;
				BUNDLE_LOADER = "$(TEST_HOST)";
				CODE_SIGN_STYLE = Automatic;
				CURRENT_PROJECT_VERSION = 1;
				DEVELOPMENT_TEAM = N52968BXGP;
				GENERATE_INFOPLIST_FILE = YES;
				IPHONEOS_DEPLOYMENT_TARGET = 15.5;
				MARKETING_VERSION = 1.0;
				PRODUCT_BUNDLE_IDENTIFIER = com.muhtar.ireceipt.MVVMSwiftTests;
				PRODUCT_NAME = "$(TARGET_NAME)";
				SWIFT_EMIT_LOC_STRINGS = NO;
				SWIFT_VERSION = 5.0;
				TARGETED_DEVICE_FAMILY = "1,2";
				TEST_HOST = "$(BUILT_PRODUCTS_DIR)/MVVMSwift.app/MVVMSwift";
			};
			name = Debug;
		};
		FA3C1F2F2A5C1D7300B701A8 /* Release */ = {
			isa = XCBuildConfiguration;
			buildSettings = {
				ALWAYS_EMBED_SWIFT_STANDARD_LIBRARIES = YES;
				BUNDLE_LOADER = "$(TEST_HOST)";
				CODE_SIGN_STYLE = Automatic;
				CURRENT_PROJECT_VERSION = 1;
				DEVELOPMENT_TEAM = N52968BXGP;
				GENERATE_INFOPLIST_FILE = YES;
				IPHONEOS_DEPLOYMENT_TARGET = 15.5;
				MARKETING_VERSION = 1.0;
				PRODUCT_BUNDLE_IDENTIFIER = com.muhtar.ireceipt.MVVMSwiftTests;
				PRODUCT_NAME = "$(TARGET_NAME)";
				SWIFT_EMIT_LOC_STRINGS = NO;
				SWIFT_VERSION = 5.0;
				TARGETED_DEVICE_FAMILY = "1,2";
				TEST_HOST = "$(BUILT_PRODUCTS_DIR)/MVVMSwift.app/MVVMSwift";
			};
			name = Release;
		};
		FA3C1F312A5C1D7300B701A8 /* Debug */ = {
			isa = XCBuildConfiguration;
			buildSettings = {
				ALWAYS_EMBED_SWIFT_STANDARD_LIBRARIES = YES;
				CODE_SIGN_STYLE = Automatic;
				CURRENT_PROJECT_VERSION = 1;
				DEVELOPMENT_TEAM = N52968BXGP;
				GENERATE_INFOPLIST_FILE = YES;
				MARKETING_VERSION = 1.0;
				PRODUCT_BUNDLE_IDENTIFIER = com.muhtar.ireceipt.MVVMSwiftUITests;
				PRODUCT_NAME = "$(TARGET_NAME)";
				SWIFT_EMIT_LOC_STRINGS = NO;
				SWIFT_VERSION = 5.0;
				TARGETED_DEVICE_FAMILY = "1,2";
				TEST_TARGET_NAME = MVVMSwift;
			};
			name = Debug;
		};
		FA3C1F322A5C1D7300B701A8 /* Release */ = {
			isa = XCBuildConfiguration;
			buildSettings = {
				ALWAYS_EMBED_SWIFT_STANDARD_LIBRARIES = YES;
				CODE_SIGN_STYLE = Automatic;
				CURRENT_PROJECT_VERSION = 1;
				DEVELOPMENT_TEAM = N52968BXGP;
				GENERATE_INFOPLIST_FILE = YES;
				MARKETING_VERSION = 1.0;
				PRODUCT_BUNDLE_IDENTIFIER = com.muhtar.ireceipt.MVVMSwiftUITests;
				PRODUCT_NAME = "$(TARGET_NAME)";
				SWIFT_EMIT_LOC_STRINGS = NO;
				SWIFT_VERSION = 5.0;
				TARGETED_DEVICE_FAMILY = "1,2";
				TEST_TARGET_NAME = MVVMSwift;
			};
			name = Release;
		};
/* End XCBuildConfiguration section */

/* Begin XCConfigurationList section */
		FA3C1F012A5C1D7100B701A8 /* Build configuration list for PBXProject "MVVMSwift" */ = {
			isa = XCConfigurationList;
			buildConfigurations = (
				FA3C1F282A5C1D7300B701A8 /* Debug */,
				FA3C1F292A5C1D7300B701A8 /* Release */,
			);
			defaultConfigurationIsVisible = 0;
			defaultConfigurationName = Release;
		};
		FA3C1F2A2A5C1D7300B701A8 /* Build configuration list for PBXNativeTarget "MVVMSwift" */ = {
			isa = XCConfigurationList;
			buildConfigurations = (
				FA3C1F2B2A5C1D7300B701A8 /* Debug */,
				FA3C1F2C2A5C1D7300B701A8 /* Release */,
			);
			defaultConfigurationIsVisible = 0;
			defaultConfigurationName = Release;
		};
		FA3C1F2D2A5C1D7300B701A8 /* Build configuration list for PBXNativeTarget "MVVMSwiftTests" */ = {
			isa = XCConfigurationList;
			buildConfigurations = (
				FA3C1F2E2A5C1D7300B701A8 /* Debug */,
				FA3C1F2F2A5C1D7300B701A8 /* Release */,
			);
			defaultConfigurationIsVisible = 0;
			defaultConfigurationName = Release;
		};
		FA3C1F302A5C1D7300B701A8 /* Build configuration list for PBXNativeTarget "MVVMSwiftUITests" */ = {
			isa = XCConfigurationList;
			buildConfigurations = (
				FA3C1F312A5C1D7300B701A8 /* Debug */,
				FA3C1F322A5C1D7300B701A8 /* Release */,
			);
			defaultConfigurationIsVisible = 0;
			defaultConfigurationName = Release;
		};
/* End XCConfigurationList section */
	};
	rootObject = FA3C1EFE2A5C1D7100B701A8 /* Project object */;
}
